// !$*UTF8*$!
{
	archiveVersion = 1;
	classes = {
	};
	objectVersion = 46;
	objects = {

/* Begin PBXBuildFile section */
		372F749A1E35EA8600A26CA0 /* CameraViewController.swift in Sources */ = {isa = PBXBuildFile; fileRef = 372F74991E35EA8600A26CA0 /* CameraViewController.swift */; };
		37F551F01E48D0C10012C348 /* PastMissionViewController.swift in Sources */ = {isa = PBXBuildFile; fileRef = 37F551EF1E48D0C10012C348 /* PastMissionViewController.swift */; };
		37F551F21E48D86E0012C348 /* PastMissionCollectionViewCell.swift in Sources */ = {isa = PBXBuildFile; fileRef = 37F551F11E48D86E0012C348 /* PastMissionCollectionViewCell.swift */; };
		67092A971E386B3000DB9A27 /* PrivateListViewController.swift in Sources */ = {isa = PBXBuildFile; fileRef = 67092A961E386B3000DB9A27 /* PrivateListViewController.swift */; };
		671469011E2FCBF5006925B7 /* SnapContainerViewController.swift in Sources */ = {isa = PBXBuildFile; fileRef = 671469001E2FCBF5006925B7 /* SnapContainerViewController.swift */; };
		671469031E2FCC22006925B7 /* VerticalScrollViewController.swift in Sources */ = {isa = PBXBuildFile; fileRef = 671469021E2FCC22006925B7 /* VerticalScrollViewController.swift */; };
		6714690A1E2FCDD1006925B7 /* TopMenuViewController.swift in Sources */ = {isa = PBXBuildFile; fileRef = 671469091E2FCDD1006925B7 /* TopMenuViewController.swift */; };
		6714690C1E2FCDDD006925B7 /* BottomViewController.swift in Sources */ = {isa = PBXBuildFile; fileRef = 6714690B1E2FCDDD006925B7 /* BottomViewController.swift */; };
		672739761E49E0F1009490A8 /* HotPicViewController.swift in Sources */ = {isa = PBXBuildFile; fileRef = 672739751E49E0F1009490A8 /* HotPicViewController.swift */; };
		672DD1261E334FFE001022BF /* PhotoCaptionCell.swift in Sources */ = {isa = PBXBuildFile; fileRef = 672DD1251E334FFE001022BF /* PhotoCaptionCell.swift */; };
		672DD1281E33502B001022BF /* MultipleColumnLayoutAttributes.swift in Sources */ = {isa = PBXBuildFile; fileRef = 672DD1271E33502B001022BF /* MultipleColumnLayoutAttributes.swift */; };
		672DD12A1E335043001022BF /* PublicListViewController.swift in Sources */ = {isa = PBXBuildFile; fileRef = 672DD1291E335043001022BF /* PublicListViewController.swift */; };
		672DD12C1E335058001022BF /* Photo.swift in Sources */ = {isa = PBXBuildFile; fileRef = 672DD12B1E335058001022BF /* Photo.swift */; };
		672DD12E1E3350ED001022BF /* UIView+Extensions.swift in Sources */ = {isa = PBXBuildFile; fileRef = 672DD12D1E3350ED001022BF /* UIView+Extensions.swift */; };
		675A4E191E2FB076000781DA /* AppDelegate.swift in Sources */ = {isa = PBXBuildFile; fileRef = 675A4E181E2FB076000781DA /* AppDelegate.swift */; };
		675A4E1B1E2FB076000781DA /* MainController.swift in Sources */ = {isa = PBXBuildFile; fileRef = 675A4E1A1E2FB076000781DA /* MainController.swift */; };
		675A4E231E2FB076000781DA /* LaunchScreen.storyboard in Resources */ = {isa = PBXBuildFile; fileRef = 675A4E211E2FB076000781DA /* LaunchScreen.storyboard */; };
		675A4E2E1E2FB076000781DA /* SevenThreeTwoTests.swift in Sources */ = {isa = PBXBuildFile; fileRef = 675A4E2D1E2FB076000781DA /* SevenThreeTwoTests.swift */; };
		6789A3F91E417D3E009374BD /* DeviceResize.swift in Sources */ = {isa = PBXBuildFile; fileRef = 6789A3F81E417D3E009374BD /* DeviceResize.swift */; };
		67AE84591E43486400BAF314 /* Main.storyboard in Resources */ = {isa = PBXBuildFile; fileRef = 67AE84571E43486400BAF314 /* Main.storyboard */; };
		67AE84691E4349F200BAF314 /* Arita-dotum-Bold_OTF.otf in Resources */ = {isa = PBXBuildFile; fileRef = 67AE84641E4349F200BAF314 /* Arita-dotum-Bold_OTF.otf */; };
		67AE846A1E4349F200BAF314 /* Arita-dotum-Light_OTF.otf in Resources */ = {isa = PBXBuildFile; fileRef = 67AE84651E4349F200BAF314 /* Arita-dotum-Light_OTF.otf */; };
		67AE846B1E4349F200BAF314 /* Arita-dotum-Medium_OTF.otf in Resources */ = {isa = PBXBuildFile; fileRef = 67AE84661E4349F200BAF314 /* Arita-dotum-Medium_OTF.otf */; };
		67AE846C1E4349F200BAF314 /* Arita-dotum-SemiBold_OTF.otf in Resources */ = {isa = PBXBuildFile; fileRef = 67AE84671E4349F200BAF314 /* Arita-dotum-SemiBold_OTF.otf */; };
		67AE846D1E4349F200BAF314 /* Arita-dotum-Thin_OTF.otf in Resources */ = {isa = PBXBuildFile; fileRef = 67AE84681E4349F200BAF314 /* Arita-dotum-Thin_OTF.otf */; };
		67AE84711E43534600BAF314 /* LoginMainViewController.swift in Sources */ = {isa = PBXBuildFile; fileRef = 67AE84701E43534600BAF314 /* LoginMainViewController.swift */; };
		67AE84731E43706600BAF314 /* JoinInputIDViewController.swift in Sources */ = {isa = PBXBuildFile; fileRef = 67AE84721E43706600BAF314 /* JoinInputIDViewController.swift */; };
		67AE84751E437E3000BAF314 /* JoinInputPwViewController.swift in Sources */ = {isa = PBXBuildFile; fileRef = 67AE84741E437E3000BAF314 /* JoinInputPwViewController.swift */; };
		67AE84771E43881300BAF314 /* JoinInputPwCheckViewController.swift in Sources */ = {isa = PBXBuildFile; fileRef = 67AE84761E43881300BAF314 /* JoinInputPwCheckViewController.swift */; };
		67AE84791E438F8000BAF314 /* JoinInputNicknameViewController.swift in Sources */ = {isa = PBXBuildFile; fileRef = 67AE84781E438F8000BAF314 /* JoinInputNicknameViewController.swift */; };
		67AE847B1E4394DF00BAF314 /* JoinInputEmailViewController.swift in Sources */ = {isa = PBXBuildFile; fileRef = 67AE847A1E4394DF00BAF314 /* JoinInputEmailViewController.swift */; };
		67B5DDD11E42D0D200057546 /* DetailMissionViewController.swift in Sources */ = {isa = PBXBuildFile; fileRef = 67B5DDD01E42D0D200057546 /* DetailMissionViewController.swift */; };
		67EB38451E41BBC700A8E89A /* Assets.xcassets in Resources */ = {isa = PBXBuildFile; fileRef = 67EB38441E41BBC700A8E89A /* Assets.xcassets */; };
		F1AAA9337960E38FE61A1FA9 /* Pods_SevenThreeTwo.framework in Frameworks */ = {isa = PBXBuildFile; fileRef = 98F6E952EB67F432D4BE3821 /* Pods_SevenThreeTwo.framework */; };
/* End PBXBuildFile section */

/* Begin PBXContainerItemProxy section */
		675A4E2A1E2FB076000781DA /* PBXContainerItemProxy */ = {
			isa = PBXContainerItemProxy;
			containerPortal = 675A4E0D1E2FB076000781DA /* Project object */;
			proxyType = 1;
			remoteGlobalIDString = 675A4E141E2FB076000781DA;
			remoteInfo = SevenThreeTwo;
		};
/* End PBXContainerItemProxy section */

/* Begin PBXFileReference section */
		34543005D58CF0DF3B38A3BD /* Pods-SevenThreeTwo.release.xcconfig */ = {isa = PBXFileReference; includeInIndex = 1; lastKnownFileType = text.xcconfig; name = "Pods-SevenThreeTwo.release.xcconfig"; path = "Pods/Target Support Files/Pods-SevenThreeTwo/Pods-SevenThreeTwo.release.xcconfig"; sourceTree = "<group>"; };
		372F74991E35EA8600A26CA0 /* CameraViewController.swift */ = {isa = PBXFileReference; fileEncoding = 4; lastKnownFileType = sourcecode.swift; path = CameraViewController.swift; sourceTree = "<group>"; };
		37F551EF1E48D0C10012C348 /* PastMissionViewController.swift */ = {isa = PBXFileReference; fileEncoding = 4; lastKnownFileType = sourcecode.swift; path = PastMissionViewController.swift; sourceTree = "<group>"; };
		37F551F11E48D86E0012C348 /* PastMissionCollectionViewCell.swift */ = {isa = PBXFileReference; fileEncoding = 4; lastKnownFileType = sourcecode.swift; path = PastMissionCollectionViewCell.swift; sourceTree = "<group>"; };
		67092A961E386B3000DB9A27 /* PrivateListViewController.swift */ = {isa = PBXFileReference; fileEncoding = 4; lastKnownFileType = sourcecode.swift; path = PrivateListViewController.swift; sourceTree = "<group>"; };
		671469001E2FCBF5006925B7 /* SnapContainerViewController.swift */ = {isa = PBXFileReference; fileEncoding = 4; lastKnownFileType = sourcecode.swift; path = SnapContainerViewController.swift; sourceTree = "<group>"; };
		671469021E2FCC22006925B7 /* VerticalScrollViewController.swift */ = {isa = PBXFileReference; fileEncoding = 4; lastKnownFileType = sourcecode.swift; path = VerticalScrollViewController.swift; sourceTree = "<group>"; };
		671469091E2FCDD1006925B7 /* TopMenuViewController.swift */ = {isa = PBXFileReference; fileEncoding = 4; lastKnownFileType = sourcecode.swift; path = TopMenuViewController.swift; sourceTree = "<group>"; };
		6714690B1E2FCDDD006925B7 /* BottomViewController.swift */ = {isa = PBXFileReference; fileEncoding = 4; lastKnownFileType = sourcecode.swift; path = BottomViewController.swift; sourceTree = "<group>"; };
		672739751E49E0F1009490A8 /* HotPicViewController.swift */ = {isa = PBXFileReference; fileEncoding = 4; lastKnownFileType = sourcecode.swift; path = HotPicViewController.swift; sourceTree = "<group>"; };
		672DD1251E334FFE001022BF /* PhotoCaptionCell.swift */ = {isa = PBXFileReference; fileEncoding = 4; lastKnownFileType = sourcecode.swift; path = PhotoCaptionCell.swift; sourceTree = "<group>"; };
		672DD1271E33502B001022BF /* MultipleColumnLayoutAttributes.swift */ = {isa = PBXFileReference; fileEncoding = 4; lastKnownFileType = sourcecode.swift; path = MultipleColumnLayoutAttributes.swift; sourceTree = "<group>"; };
		672DD1291E335043001022BF /* PublicListViewController.swift */ = {isa = PBXFileReference; fileEncoding = 4; lastKnownFileType = sourcecode.swift; path = PublicListViewController.swift; sourceTree = "<group>"; };
		672DD12B1E335058001022BF /* Photo.swift */ = {isa = PBXFileReference; fileEncoding = 4; lastKnownFileType = sourcecode.swift; path = Photo.swift; sourceTree = "<group>"; };
		672DD12D1E3350ED001022BF /* UIView+Extensions.swift */ = {isa = PBXFileReference; fileEncoding = 4; lastKnownFileType = sourcecode.swift; path = "UIView+Extensions.swift"; sourceTree = "<group>"; };
		675A4E151E2FB076000781DA /* SevenThreeTwo.app */ = {isa = PBXFileReference; explicitFileType = wrapper.application; includeInIndex = 0; path = SevenThreeTwo.app; sourceTree = BUILT_PRODUCTS_DIR; };
		675A4E181E2FB076000781DA /* AppDelegate.swift */ = {isa = PBXFileReference; lastKnownFileType = sourcecode.swift; path = AppDelegate.swift; sourceTree = "<group>"; };
		675A4E1A1E2FB076000781DA /* MainController.swift */ = {isa = PBXFileReference; lastKnownFileType = sourcecode.swift; path = MainController.swift; sourceTree = "<group>"; };
		675A4E221E2FB076000781DA /* Base */ = {isa = PBXFileReference; lastKnownFileType = file.storyboard; name = Base; path = Base.lproj/LaunchScreen.storyboard; sourceTree = "<group>"; };
		675A4E241E2FB076000781DA /* Info.plist */ = {isa = PBXFileReference; lastKnownFileType = text.plist.xml; path = Info.plist; sourceTree = "<group>"; };
		675A4E291E2FB076000781DA /* SevenThreeTwoTests.xctest */ = {isa = PBXFileReference; explicitFileType = wrapper.cfbundle; includeInIndex = 0; path = SevenThreeTwoTests.xctest; sourceTree = BUILT_PRODUCTS_DIR; };
		675A4E2D1E2FB076000781DA /* SevenThreeTwoTests.swift */ = {isa = PBXFileReference; lastKnownFileType = sourcecode.swift; path = SevenThreeTwoTests.swift; sourceTree = "<group>"; };
		675A4E2F1E2FB076000781DA /* Info.plist */ = {isa = PBXFileReference; lastKnownFileType = text.plist.xml; path = Info.plist; sourceTree = "<group>"; };
		6789A3F81E417D3E009374BD /* DeviceResize.swift */ = {isa = PBXFileReference; fileEncoding = 4; lastKnownFileType = sourcecode.swift; path = DeviceResize.swift; sourceTree = "<group>"; };
		67AE84581E43486400BAF314 /* Base */ = {isa = PBXFileReference; lastKnownFileType = file.storyboard; name = Base; path = Base.lproj/Main.storyboard; sourceTree = "<group>"; };
		67AE84641E4349F200BAF314 /* Arita-dotum-Bold_OTF.otf */ = {isa = PBXFileReference; lastKnownFileType = file; path = "Arita-dotum-Bold_OTF.otf"; sourceTree = "<group>"; };
		67AE84651E4349F200BAF314 /* Arita-dotum-Light_OTF.otf */ = {isa = PBXFileReference; lastKnownFileType = file; path = "Arita-dotum-Light_OTF.otf"; sourceTree = "<group>"; };
		67AE84661E4349F200BAF314 /* Arita-dotum-Medium_OTF.otf */ = {isa = PBXFileReference; lastKnownFileType = file; path = "Arita-dotum-Medium_OTF.otf"; sourceTree = "<group>"; };
		67AE84671E4349F200BAF314 /* Arita-dotum-SemiBold_OTF.otf */ = {isa = PBXFileReference; lastKnownFileType = file; path = "Arita-dotum-SemiBold_OTF.otf"; sourceTree = "<group>"; };
		67AE84681E4349F200BAF314 /* Arita-dotum-Thin_OTF.otf */ = {isa = PBXFileReference; lastKnownFileType = file; path = "Arita-dotum-Thin_OTF.otf"; sourceTree = "<group>"; };
		67AE84701E43534600BAF314 /* LoginMainViewController.swift */ = {isa = PBXFileReference; fileEncoding = 4; lastKnownFileType = sourcecode.swift; path = LoginMainViewController.swift; sourceTree = "<group>"; };
		67AE84721E43706600BAF314 /* JoinInputIDViewController.swift */ = {isa = PBXFileReference; fileEncoding = 4; lastKnownFileType = sourcecode.swift; path = JoinInputIDViewController.swift; sourceTree = "<group>"; };
		67AE84741E437E3000BAF314 /* JoinInputPwViewController.swift */ = {isa = PBXFileReference; fileEncoding = 4; lastKnownFileType = sourcecode.swift; path = JoinInputPwViewController.swift; sourceTree = "<group>"; };
		67AE84761E43881300BAF314 /* JoinInputPwCheckViewController.swift */ = {isa = PBXFileReference; fileEncoding = 4; lastKnownFileType = sourcecode.swift; path = JoinInputPwCheckViewController.swift; sourceTree = "<group>"; };
		67AE84781E438F8000BAF314 /* JoinInputNicknameViewController.swift */ = {isa = PBXFileReference; fileEncoding = 4; lastKnownFileType = sourcecode.swift; path = JoinInputNicknameViewController.swift; sourceTree = "<group>"; };
		67AE847A1E4394DF00BAF314 /* JoinInputEmailViewController.swift */ = {isa = PBXFileReference; fileEncoding = 4; lastKnownFileType = sourcecode.swift; path = JoinInputEmailViewController.swift; sourceTree = "<group>"; };
		67B5DDD01E42D0D200057546 /* DetailMissionViewController.swift */ = {isa = PBXFileReference; fileEncoding = 4; lastKnownFileType = sourcecode.swift; path = DetailMissionViewController.swift; sourceTree = "<group>"; };
		67EB38441E41BBC700A8E89A /* Assets.xcassets */ = {isa = PBXFileReference; lastKnownFileType = folder.assetcatalog; path = Assets.xcassets; sourceTree = "<group>"; };
		98F6E952EB67F432D4BE3821 /* Pods_SevenThreeTwo.framework */ = {isa = PBXFileReference; explicitFileType = wrapper.framework; includeInIndex = 0; path = Pods_SevenThreeTwo.framework; sourceTree = BUILT_PRODUCTS_DIR; };
		E967A2C2716E71DB391C0DFD /* Pods-SevenThreeTwo.debug.xcconfig */ = {isa = PBXFileReference; includeInIndex = 1; lastKnownFileType = text.xcconfig; name = "Pods-SevenThreeTwo.debug.xcconfig"; path = "Pods/Target Support Files/Pods-SevenThreeTwo/Pods-SevenThreeTwo.debug.xcconfig"; sourceTree = "<group>"; };
/* End PBXFileReference section */

/* Begin PBXFrameworksBuildPhase section */
		675A4E121E2FB076000781DA /* Frameworks */ = {
			isa = PBXFrameworksBuildPhase;
			buildActionMask = 2147483647;
			files = (
				F1AAA9337960E38FE61A1FA9 /* Pods_SevenThreeTwo.framework in Frameworks */,
			);
			runOnlyForDeploymentPostprocessing = 0;
		};
		675A4E261E2FB076000781DA /* Frameworks */ = {
			isa = PBXFrameworksBuildPhase;
			buildActionMask = 2147483647;
			files = (
			);
			runOnlyForDeploymentPostprocessing = 0;
		};
/* End PBXFrameworksBuildPhase section */

/* Begin PBXGroup section */
		67092A911E38607C00DB9A27 /* MainView */ = {
			isa = PBXGroup;
			children = (
				675A4E1A1E2FB076000781DA /* MainController.swift */,
				67B5DDD01E42D0D200057546 /* DetailMissionViewController.swift */,
			);
			name = MainView;
			sourceTree = "<group>";
		};
		67092A921E3860B400DB9A27 /* RightView */ = {
			isa = PBXGroup;
			children = (
				672DD1291E335043001022BF /* PublicListViewController.swift */,
			);
			name = RightView;
			sourceTree = "<group>";
		};
		67092A931E3860E000DB9A27 /* LeftView */ = {
			isa = PBXGroup;
			children = (
				67092A961E386B3000DB9A27 /* PrivateListViewController.swift */,
			);
			name = LeftView;
			sourceTree = "<group>";
		};
		67092A941E3860F900DB9A27 /* TopView */ = {
			isa = PBXGroup;
			children = (
				671469091E2FCDD1006925B7 /* TopMenuViewController.swift */,
				37F551EF1E48D0C10012C348 /* PastMissionViewController.swift */,
				37F551F11E48D86E0012C348 /* PastMissionCollectionViewCell.swift */,
				672739751E49E0F1009490A8 /* HotPicViewController.swift */,
			);
			name = TopView;
			sourceTree = "<group>";
		};
		67092A951E38610900DB9A27 /* BottomView */ = {
			isa = PBXGroup;
			children = (
				372F74991E35EA8600A26CA0 /* CameraViewController.swift */,
			);
			name = BottomView;
			sourceTree = "<group>";
		};
		670F7A6B1E346B1800E7CC01 /* PhotoList */ = {
			isa = PBXGroup;
			children = (
				672DD1251E334FFE001022BF /* PhotoCaptionCell.swift */,
				672DD1271E33502B001022BF /* MultipleColumnLayoutAttributes.swift */,
				672DD12B1E335058001022BF /* Photo.swift */,
				672DD12D1E3350ED001022BF /* UIView+Extensions.swift */,
			);
			name = PhotoList;
			sourceTree = "<group>";
		};
		671469041E2FCD40006925B7 /* SwipeController */ = {
			isa = PBXGroup;
			children = (
				671469001E2FCBF5006925B7 /* SnapContainerViewController.swift */,
				671469021E2FCC22006925B7 /* VerticalScrollViewController.swift */,
			);
			name = SwipeController;
			sourceTree = "<group>";
		};
		675A4E0C1E2FB076000781DA = {
			isa = PBXGroup;
			children = (
				675A4E171E2FB076000781DA /* SevenThreeTwo */,
				675A4E2C1E2FB076000781DA /* SevenThreeTwoTests */,
				675A4E161E2FB076000781DA /* Products */,
				C14AE8253278327D6E4AD3F4 /* Pods */,
				ADFD09B49D5C02557AD84AD7 /* Frameworks */,
			);
			sourceTree = "<group>";
		};
		675A4E161E2FB076000781DA /* Products */ = {
			isa = PBXGroup;
			children = (
				675A4E151E2FB076000781DA /* SevenThreeTwo.app */,
				675A4E291E2FB076000781DA /* SevenThreeTwoTests.xctest */,
			);
			name = Products;
			sourceTree = "<group>";
		};
		675A4E171E2FB076000781DA /* SevenThreeTwo */ = {
			isa = PBXGroup;
			children = (
				675A4E181E2FB076000781DA /* AppDelegate.swift */,
				67AE846E1E434AB600BAF314 /* Font */,
				67AE846F1E43531B00BAF314 /* Login&JoinView */,
				67092A911E38607C00DB9A27 /* MainView */,
				67092A941E3860F900DB9A27 /* TopView */,
				67092A951E38610900DB9A27 /* BottomView */,
				67092A931E3860E000DB9A27 /* LeftView */,
				67092A921E3860B400DB9A27 /* RightView */,
				670F7A6B1E346B1800E7CC01 /* PhotoList */,
				671469041E2FCD40006925B7 /* SwipeController */,
				675A4E211E2FB076000781DA /* LaunchScreen.storyboard */,
				67AE84571E43486400BAF314 /* Main.storyboard */,
				675A4E241E2FB076000781DA /* Info.plist */,
				67EB38441E41BBC700A8E89A /* Assets.xcassets */,
				6714690B1E2FCDDD006925B7 /* BottomViewController.swift */,
				6789A3F81E417D3E009374BD /* DeviceResize.swift */,
			);
			path = SevenThreeTwo;
			sourceTree = "<group>";
		};
		675A4E2C1E2FB076000781DA /* SevenThreeTwoTests */ = {
			isa = PBXGroup;
			children = (
				675A4E2D1E2FB076000781DA /* SevenThreeTwoTests.swift */,
				675A4E2F1E2FB076000781DA /* Info.plist */,
			);
			path = SevenThreeTwoTests;
			sourceTree = "<group>";
		};
		67AE846E1E434AB600BAF314 /* Font */ = {
			isa = PBXGroup;
			children = (
				67AE84641E4349F200BAF314 /* Arita-dotum-Bold_OTF.otf */,
				67AE84651E4349F200BAF314 /* Arita-dotum-Light_OTF.otf */,
				67AE84661E4349F200BAF314 /* Arita-dotum-Medium_OTF.otf */,
				67AE84671E4349F200BAF314 /* Arita-dotum-SemiBold_OTF.otf */,
				67AE84681E4349F200BAF314 /* Arita-dotum-Thin_OTF.otf */,
			);
			name = Font;
			sourceTree = "<group>";
		};
		67AE846F1E43531B00BAF314 /* Login&JoinView */ = {
			isa = PBXGroup;
			children = (
				67AE84701E43534600BAF314 /* LoginMainViewController.swift */,
				67AE84721E43706600BAF314 /* JoinInputIDViewController.swift */,
				67AE84741E437E3000BAF314 /* JoinInputPwViewController.swift */,
				67AE84761E43881300BAF314 /* JoinInputPwCheckViewController.swift */,
				67AE84781E438F8000BAF314 /* JoinInputNicknameViewController.swift */,
				67AE847A1E4394DF00BAF314 /* JoinInputEmailViewController.swift */,
			);
			name = "Login&JoinView";
			sourceTree = "<group>";
		};
		ADFD09B49D5C02557AD84AD7 /* Frameworks */ = {
			isa = PBXGroup;
			children = (
				98F6E952EB67F432D4BE3821 /* Pods_SevenThreeTwo.framework */,
			);
			name = Frameworks;
			sourceTree = "<group>";
		};
		C14AE8253278327D6E4AD3F4 /* Pods */ = {
			isa = PBXGroup;
			children = (
				E967A2C2716E71DB391C0DFD /* Pods-SevenThreeTwo.debug.xcconfig */,
				34543005D58CF0DF3B38A3BD /* Pods-SevenThreeTwo.release.xcconfig */,
			);
			name = Pods;
			sourceTree = "<group>";
		};
/* End PBXGroup section */

/* Begin PBXNativeTarget section */
		675A4E141E2FB076000781DA /* SevenThreeTwo */ = {
			isa = PBXNativeTarget;
			buildConfigurationList = 675A4E321E2FB076000781DA /* Build configuration list for PBXNativeTarget "SevenThreeTwo" */;
			buildPhases = (
				495693DDBD228625417C33BE /* [CP] Check Pods Manifest.lock */,
				675A4E111E2FB076000781DA /* Sources */,
				675A4E121E2FB076000781DA /* Frameworks */,
				675A4E131E2FB076000781DA /* Resources */,
				CB382774555F68A85D2BE330 /* [CP] Embed Pods Frameworks */,
				85D683099119C75F225D7C2D /* [CP] Copy Pods Resources */,
			);
			buildRules = (
			);
			dependencies = (
			);
			name = SevenThreeTwo;
			productName = SevenThreeTwo;
			productReference = 675A4E151E2FB076000781DA /* SevenThreeTwo.app */;
			productType = "com.apple.product-type.application";
		};
		675A4E281E2FB076000781DA /* SevenThreeTwoTests */ = {
			isa = PBXNativeTarget;
			buildConfigurationList = 675A4E351E2FB076000781DA /* Build configuration list for PBXNativeTarget "SevenThreeTwoTests" */;
			buildPhases = (
				675A4E251E2FB076000781DA /* Sources */,
				675A4E261E2FB076000781DA /* Frameworks */,
				675A4E271E2FB076000781DA /* Resources */,
			);
			buildRules = (
			);
			dependencies = (
				675A4E2B1E2FB076000781DA /* PBXTargetDependency */,
			);
			name = SevenThreeTwoTests;
			productName = SevenThreeTwoTests;
			productReference = 675A4E291E2FB076000781DA /* SevenThreeTwoTests.xctest */;
			productType = "com.apple.product-type.bundle.unit-test";
		};
/* End PBXNativeTarget section */

/* Begin PBXProject section */
		675A4E0D1E2FB076000781DA /* Project object */ = {
			isa = PBXProject;
			attributes = {
				LastSwiftUpdateCheck = 0820;
				LastUpgradeCheck = 0820;
				ORGANIZATIONNAME = "윤민섭";
				TargetAttributes = {
					675A4E141E2FB076000781DA = {
						CreatedOnToolsVersion = 8.2.1;
						DevelopmentTeam = 537GQ2WKJ4;
						LastSwiftMigration = 0820;
						ProvisioningStyle = Automatic;
					};
					675A4E281E2FB076000781DA = {
						CreatedOnToolsVersion = 8.2.1;
						DevelopmentTeam = VANL3XS874;
						LastSwiftMigration = 0820;
						ProvisioningStyle = Automatic;
						TestTargetID = 675A4E141E2FB076000781DA;
					};
				};
			};
			buildConfigurationList = 675A4E101E2FB076000781DA /* Build configuration list for PBXProject "SevenThreeTwo" */;
			compatibilityVersion = "Xcode 3.2";
			developmentRegion = English;
			hasScannedForEncodings = 0;
			knownRegions = (
				en,
				Base,
			);
			mainGroup = 675A4E0C1E2FB076000781DA;
			productRefGroup = 675A4E161E2FB076000781DA /* Products */;
			projectDirPath = "";
			projectRoot = "";
			targets = (
				675A4E141E2FB076000781DA /* SevenThreeTwo */,
				675A4E281E2FB076000781DA /* SevenThreeTwoTests */,
			);
		};
/* End PBXProject section */

/* Begin PBXResourcesBuildPhase section */
		675A4E131E2FB076000781DA /* Resources */ = {
			isa = PBXResourcesBuildPhase;
			buildActionMask = 2147483647;
			files = (
				67AE84691E4349F200BAF314 /* Arita-dotum-Bold_OTF.otf in Resources */,
				67AE846A1E4349F200BAF314 /* Arita-dotum-Light_OTF.otf in Resources */,
				67AE846B1E4349F200BAF314 /* Arita-dotum-Medium_OTF.otf in Resources */,
				67AE84591E43486400BAF314 /* Main.storyboard in Resources */,
				675A4E231E2FB076000781DA /* LaunchScreen.storyboard in Resources */,
				67AE846C1E4349F200BAF314 /* Arita-dotum-SemiBold_OTF.otf in Resources */,
				67AE846D1E4349F200BAF314 /* Arita-dotum-Thin_OTF.otf in Resources */,
				67EB38451E41BBC700A8E89A /* Assets.xcassets in Resources */,
			);
			runOnlyForDeploymentPostprocessing = 0;
		};
		675A4E271E2FB076000781DA /* Resources */ = {
			isa = PBXResourcesBuildPhase;
			buildActionMask = 2147483647;
			files = (
			);
			runOnlyForDeploymentPostprocessing = 0;
		};
/* End PBXResourcesBuildPhase section */

/* Begin PBXShellScriptBuildPhase section */
		495693DDBD228625417C33BE /* [CP] Check Pods Manifest.lock */ = {
			isa = PBXShellScriptBuildPhase;
			buildActionMask = 2147483647;
			files = (
			);
			inputPaths = (
			);
			name = "[CP] Check Pods Manifest.lock";
			outputPaths = (
			);
			runOnlyForDeploymentPostprocessing = 0;
			shellPath = /bin/sh;
			shellScript = "diff \"${PODS_ROOT}/../Podfile.lock\" \"${PODS_ROOT}/Manifest.lock\" > /dev/null\nif [ $? != 0 ] ; then\n    # print error to STDERR\n    echo \"error: The sandbox is not in sync with the Podfile.lock. Run 'pod install' or update your CocoaPods installation.\" >&2\n    exit 1\nfi\n";
			showEnvVarsInLog = 0;
		};
		85D683099119C75F225D7C2D /* [CP] Copy Pods Resources */ = {
			isa = PBXShellScriptBuildPhase;
			buildActionMask = 2147483647;
			files = (
			);
			inputPaths = (
			);
			name = "[CP] Copy Pods Resources";
			outputPaths = (
			);
			runOnlyForDeploymentPostprocessing = 0;
			shellPath = /bin/sh;
			shellScript = "\"${SRCROOT}/Pods/Target Support Files/Pods-SevenThreeTwo/Pods-SevenThreeTwo-resources.sh\"\n";
			showEnvVarsInLog = 0;
		};
		CB382774555F68A85D2BE330 /* [CP] Embed Pods Frameworks */ = {
			isa = PBXShellScriptBuildPhase;
			buildActionMask = 2147483647;
			files = (
			);
			inputPaths = (
			);
			name = "[CP] Embed Pods Frameworks";
			outputPaths = (
			);
			runOnlyForDeploymentPostprocessing = 0;
			shellPath = /bin/sh;
			shellScript = "\"${SRCROOT}/Pods/Target Support Files/Pods-SevenThreeTwo/Pods-SevenThreeTwo-frameworks.sh\"\n";
			showEnvVarsInLog = 0;
		};
/* End PBXShellScriptBuildPhase section */

/* Begin PBXSourcesBuildPhase section */
		675A4E111E2FB076000781DA /* Sources */ = {
			isa = PBXSourcesBuildPhase;
			buildActionMask = 2147483647;
			files = (
				672DD12C1E335058001022BF /* Photo.swift in Sources */,
				675A4E1B1E2FB076000781DA /* MainController.swift in Sources */,
				6714690C1E2FCDDD006925B7 /* BottomViewController.swift in Sources */,
				672739761E49E0F1009490A8 /* HotPicViewController.swift in Sources */,
				67AE84731E43706600BAF314 /* JoinInputIDViewController.swift in Sources */,
				67AE84751E437E3000BAF314 /* JoinInputPwViewController.swift in Sources */,
				671469031E2FCC22006925B7 /* VerticalScrollViewController.swift in Sources */,
				672DD12E1E3350ED001022BF /* UIView+Extensions.swift in Sources */,
				67AE84711E43534600BAF314 /* LoginMainViewController.swift in Sources */,
				672DD1261E334FFE001022BF /* PhotoCaptionCell.swift in Sources */,
				672DD12A1E335043001022BF /* PublicListViewController.swift in Sources */,
				6789A3F91E417D3E009374BD /* DeviceResize.swift in Sources */,
				67B5DDD11E42D0D200057546 /* DetailMissionViewController.swift in Sources */,
				67AE847B1E4394DF00BAF314 /* JoinInputEmailViewController.swift in Sources */,
				37F551F01E48D0C10012C348 /* PastMissionViewController.swift in Sources */,
				675A4E191E2FB076000781DA /* AppDelegate.swift in Sources */,
				67AE84791E438F8000BAF314 /* JoinInputNicknameViewController.swift in Sources */,
				671469011E2FCBF5006925B7 /* SnapContainerViewController.swift in Sources */,
				372F749A1E35EA8600A26CA0 /* CameraViewController.swift in Sources */,
				672DD1281E33502B001022BF /* MultipleColumnLayoutAttributes.swift in Sources */,
				67092A971E386B3000DB9A27 /* PrivateListViewController.swift in Sources */,
				37F551F21E48D86E0012C348 /* PastMissionCollectionViewCell.swift in Sources */,
				6714690A1E2FCDD1006925B7 /* TopMenuViewController.swift in Sources */,
				67AE84771E43881300BAF314 /* JoinInputPwCheckViewController.swift in Sources */,
			);
			runOnlyForDeploymentPostprocessing = 0;
		};
		675A4E251E2FB076000781DA /* Sources */ = {
			isa = PBXSourcesBuildPhase;
			buildActionMask = 2147483647;
			files = (
				675A4E2E1E2FB076000781DA /* SevenThreeTwoTests.swift in Sources */,
			);
			runOnlyForDeploymentPostprocessing = 0;
		};
/* End PBXSourcesBuildPhase section */

/* Begin PBXTargetDependency section */
		675A4E2B1E2FB076000781DA /* PBXTargetDependency */ = {
			isa = PBXTargetDependency;
			target = 675A4E141E2FB076000781DA /* SevenThreeTwo */;
			targetProxy = 675A4E2A1E2FB076000781DA /* PBXContainerItemProxy */;
		};
/* End PBXTargetDependency section */

/* Begin PBXVariantGroup section */
		675A4E211E2FB076000781DA /* LaunchScreen.storyboard */ = {
			isa = PBXVariantGroup;
			children = (
				675A4E221E2FB076000781DA /* Base */,
			);
			name = LaunchScreen.storyboard;
			sourceTree = "<group>";
		};
		67AE84571E43486400BAF314 /* Main.storyboard */ = {
			isa = PBXVariantGroup;
			children = (
				67AE84581E43486400BAF314 /* Base */,
			);
			name = Main.storyboard;
			sourceTree = "<group>";
		};
/* End PBXVariantGroup section */

/* Begin XCBuildConfiguration section */
		675A4E301E2FB076000781DA /* Debug */ = {
			isa = XCBuildConfiguration;
			buildSettings = {
				ALWAYS_SEARCH_USER_PATHS = NO;
				CLANG_ANALYZER_NONNULL = YES;
				CLANG_CXX_LANGUAGE_STANDARD = "gnu++0x";
				CLANG_CXX_LIBRARY = "libc++";
				CLANG_ENABLE_MODULES = YES;
				CLANG_ENABLE_OBJC_ARC = YES;
				CLANG_WARN_BOOL_CONVERSION = YES;
				CLANG_WARN_CONSTANT_CONVERSION = YES;
				CLANG_WARN_DIRECT_OBJC_ISA_USAGE = YES_ERROR;
				CLANG_WARN_DOCUMENTATION_COMMENTS = YES;
				CLANG_WARN_EMPTY_BODY = YES;
				CLANG_WARN_ENUM_CONVERSION = YES;
				CLANG_WARN_INFINITE_RECURSION = YES;
				CLANG_WARN_INT_CONVERSION = YES;
				CLANG_WARN_OBJC_ROOT_CLASS = YES_ERROR;
				CLANG_WARN_SUSPICIOUS_MOVE = YES;
				CLANG_WARN_UNREACHABLE_CODE = YES;
				CLANG_WARN__DUPLICATE_METHOD_MATCH = YES;
				"CODE_SIGN_IDENTITY[sdk=iphoneos*]" = "iPhone Developer";
				COPY_PHASE_STRIP = NO;
				DEBUG_INFORMATION_FORMAT = dwarf;
				ENABLE_STRICT_OBJC_MSGSEND = YES;
				ENABLE_TESTABILITY = YES;
				GCC_C_LANGUAGE_STANDARD = gnu99;
				GCC_DYNAMIC_NO_PIC = NO;
				GCC_NO_COMMON_BLOCKS = YES;
				GCC_OPTIMIZATION_LEVEL = 0;
				GCC_PREPROCESSOR_DEFINITIONS = (
					"DEBUG=1",
					"$(inherited)",
				);
				GCC_WARN_64_TO_32_BIT_CONVERSION = YES;
				GCC_WARN_ABOUT_RETURN_TYPE = YES_ERROR;
				GCC_WARN_UNDECLARED_SELECTOR = YES;
				GCC_WARN_UNINITIALIZED_AUTOS = YES_AGGRESSIVE;
				GCC_WARN_UNUSED_FUNCTION = YES;
				GCC_WARN_UNUSED_VARIABLE = YES;
				IPHONEOS_DEPLOYMENT_TARGET = 10.2;
				MTL_ENABLE_DEBUG_INFO = YES;
				ONLY_ACTIVE_ARCH = YES;
				SDKROOT = iphoneos;
				SWIFT_ACTIVE_COMPILATION_CONDITIONS = DEBUG;
				SWIFT_OPTIMIZATION_LEVEL = "-Onone";
				TARGETED_DEVICE_FAMILY = "1,2";
			};
			name = Debug;
		};
		675A4E311E2FB076000781DA /* Release */ = {
			isa = XCBuildConfiguration;
			buildSettings = {
				ALWAYS_SEARCH_USER_PATHS = NO;
				CLANG_ANALYZER_NONNULL = YES;
				CLANG_CXX_LANGUAGE_STANDARD = "gnu++0x";
				CLANG_CXX_LIBRARY = "libc++";
				CLANG_ENABLE_MODULES = YES;
				CLANG_ENABLE_OBJC_ARC = YES;
				CLANG_WARN_BOOL_CONVERSION = YES;
				CLANG_WARN_CONSTANT_CONVERSION = YES;
				CLANG_WARN_DIRECT_OBJC_ISA_USAGE = YES_ERROR;
				CLANG_WARN_DOCUMENTATION_COMMENTS = YES;
				CLANG_WARN_EMPTY_BODY = YES;
				CLANG_WARN_ENUM_CONVERSION = YES;
				CLANG_WARN_INFINITE_RECURSION = YES;
				CLANG_WARN_INT_CONVERSION = YES;
				CLANG_WARN_OBJC_ROOT_CLASS = YES_ERROR;
				CLANG_WARN_SUSPICIOUS_MOVE = YES;
				CLANG_WARN_UNREACHABLE_CODE = YES;
				CLANG_WARN__DUPLICATE_METHOD_MATCH = YES;
				"CODE_SIGN_IDENTITY[sdk=iphoneos*]" = "iPhone Developer";
				COPY_PHASE_STRIP = NO;
				DEBUG_INFORMATION_FORMAT = "dwarf-with-dsym";
				ENABLE_NS_ASSERTIONS = NO;
				ENABLE_STRICT_OBJC_MSGSEND = YES;
				GCC_C_LANGUAGE_STANDARD = gnu99;
				GCC_NO_COMMON_BLOCKS = YES;
				GCC_WARN_64_TO_32_BIT_CONVERSION = YES;
				GCC_WARN_ABOUT_RETURN_TYPE = YES_ERROR;
				GCC_WARN_UNDECLARED_SELECTOR = YES;
				GCC_WARN_UNINITIALIZED_AUTOS = YES_AGGRESSIVE;
				GCC_WARN_UNUSED_FUNCTION = YES;
				GCC_WARN_UNUSED_VARIABLE = YES;
				IPHONEOS_DEPLOYMENT_TARGET = 10.2;
				MTL_ENABLE_DEBUG_INFO = NO;
				SDKROOT = iphoneos;
				SWIFT_OPTIMIZATION_LEVEL = "-Owholemodule";
				TARGETED_DEVICE_FAMILY = "1,2";
				VALIDATE_PRODUCT = YES;
			};
			name = Release;
		};
		675A4E331E2FB076000781DA /* Debug */ = {
			isa = XCBuildConfiguration;
			baseConfigurationReference = E967A2C2716E71DB391C0DFD /* Pods-SevenThreeTwo.debug.xcconfig */;
			buildSettings = {
				ASSETCATALOG_COMPILER_APPICON_NAME = AppIcon;
				"CODE_SIGN_IDENTITY[sdk=iphoneos*]" = "iPhone Developer";
				DEVELOPMENT_TEAM = 537GQ2WKJ4;
				INFOPLIST_FILE = SevenThreeTwo/Info.plist;
				IPHONEOS_DEPLOYMENT_TARGET = 9.3;
				LD_RUNPATH_SEARCH_PATHS = "$(inherited) @executable_path/Frameworks";
				PRODUCT_BUNDLE_IDENTIFIER = com.732;
				PRODUCT_NAME = "$(TARGET_NAME)";
				SWIFT_VERSION = 3.0;
				TARGETED_DEVICE_FAMILY = 1;
			};
			name = Debug;
		};
		675A4E341E2FB076000781DA /* Release */ = {
			isa = XCBuildConfiguration;
			baseConfigurationReference = 34543005D58CF0DF3B38A3BD /* Pods-SevenThreeTwo.release.xcconfig */;
			buildSettings = {
				ASSETCATALOG_COMPILER_APPICON_NAME = AppIcon;
				"CODE_SIGN_IDENTITY[sdk=iphoneos*]" = "iPhone Developer";
				DEVELOPMENT_TEAM = 537GQ2WKJ4;
				INFOPLIST_FILE = SevenThreeTwo/Info.plist;
				IPHONEOS_DEPLOYMENT_TARGET = 9.3;
				LD_RUNPATH_SEARCH_PATHS = "$(inherited) @executable_path/Frameworks";
				PRODUCT_BUNDLE_IDENTIFIER = com.732;
				PRODUCT_NAME = "$(TARGET_NAME)";
				SWIFT_VERSION = 3.0;
				TARGETED_DEVICE_FAMILY = 1;
			};
			name = Release;
		};
		675A4E361E2FB076000781DA /* Debug */ = {
			isa = XCBuildConfiguration;
			buildSettings = {
				ALWAYS_EMBED_SWIFT_STANDARD_LIBRARIES = YES;
				BUNDLE_LOADER = "$(TEST_HOST)";
				DEVELOPMENT_TEAM = VANL3XS874;
				INFOPLIST_FILE = SevenThreeTwoTests/Info.plist;
				LD_RUNPATH_SEARCH_PATHS = "$(inherited) @executable_path/Frameworks @loader_path/Frameworks";
				PRODUCT_BUNDLE_IDENTIFIER = proj732.com.SevenThreeTwoTests;
				PRODUCT_NAME = "$(TARGET_NAME)";
				SWIFT_VERSION = 3.0;
				TEST_HOST = "$(BUILT_PRODUCTS_DIR)/SevenThreeTwo.app/SevenThreeTwo";
			};
			name = Debug;
		};
		675A4E371E2FB076000781DA /* Release */ = {
			isa = XCBuildConfiguration;
			buildSettings = {
				ALWAYS_EMBED_SWIFT_STANDARD_LIBRARIES = YES;
				BUNDLE_LOADER = "$(TEST_HOST)";
				DEVELOPMENT_TEAM = VANL3XS874;
				INFOPLIST_FILE = SevenThreeTwoTests/Info.plist;
				LD_RUNPATH_SEARCH_PATHS = "$(inherited) @executable_path/Frameworks @loader_path/Frameworks";
				PRODUCT_BUNDLE_IDENTIFIER = proj732.com.SevenThreeTwoTests;
				PRODUCT_NAME = "$(TARGET_NAME)";
				SWIFT_VERSION = 3.0;
				TEST_HOST = "$(BUILT_PRODUCTS_DIR)/SevenThreeTwo.app/SevenThreeTwo";
			};
			name = Release;
		};
/* End XCBuildConfiguration section */

/* Begin XCConfigurationList section */
		675A4E101E2FB076000781DA /* Build configuration list for PBXProject "SevenThreeTwo" */ = {
			isa = XCConfigurationList;
			buildConfigurations = (
				675A4E301E2FB076000781DA /* Debug */,
				675A4E311E2FB076000781DA /* Release */,
			);
			defaultConfigurationIsVisible = 0;
			defaultConfigurationName = Release;
		};
		675A4E321E2FB076000781DA /* Build configuration list for PBXNativeTarget "SevenThreeTwo" */ = {
			isa = XCConfigurationList;
			buildConfigurations = (
				675A4E331E2FB076000781DA /* Debug */,
				675A4E341E2FB076000781DA /* Release */,
			);
			defaultConfigurationIsVisible = 0;
			defaultConfigurationName = Release;
		};
		675A4E351E2FB076000781DA /* Build configuration list for PBXNativeTarget "SevenThreeTwoTests" */ = {
			isa = XCConfigurationList;
			buildConfigurations = (
				675A4E361E2FB076000781DA /* Debug */,
				675A4E371E2FB076000781DA /* Release */,
			);
			defaultConfigurationIsVisible = 0;
			defaultConfigurationName = Release;
		};
/* End XCConfigurationList section */
	};
	rootObject = 675A4E0D1E2FB076000781DA /* Project object */;
}
